// !$*UTF8*$!
{
	archiveVersion = 1;
	classes = {
	};
	objectVersion = 77;
	objects = {

/* Begin PBXBuildFile section */
		F21844C52D75DD6D0060A838 /* Settings in Frameworks */ = {isa = PBXBuildFile; productRef = F21844C42D75DD6D0060A838 /* Settings */; };
		F21B8B952D74320E00A2B3DF /* AlertToast in Frameworks */ = {isa = PBXBuildFile; productRef = F21B8B942D74320E00A2B3DF /* AlertToast */; };
		F2400C112DE729D000264BAD /* CoreDataModel.xcdatamodeld in Sources */ = {isa = PBXBuildFile; fileRef = F2400C0F2DE729D000264BAD /* CoreDataModel.xcdatamodeld */; };
		F2881EA12DF57C0800A8901A /* DEV.md in Resources */ = {isa = PBXBuildFile; fileRef = F2881EA02DF57C0800A8901A /* DEV.md */; };
		F2B99D9B2D760ED500BF5BA3 /* KeyboardShortcuts in Frameworks */ = {isa = PBXBuildFile; productRef = F2B99D9A2D760ED500BF5BA3 /* KeyboardShortcuts */; };
		F2B99DF02D76F31E00BF5BA3 /* LaunchAtLogin in Frameworks */ = {isa = PBXBuildFile; productRef = F2B99DEF2D76F31E00BF5BA3 /* LaunchAtLogin */; };
		F2BCD9AC2DE9726B00C0AC97 /* StoreKit.framework in Frameworks */ = {isa = PBXBuildFile; fileRef = F2BCD9AB2DE9726B00C0AC97 /* StoreKit.framework */; };
		F2FCA65C2DC05CE20007539A /* README.md in Resources */ = {isa = PBXBuildFile; fileRef = F2FCA65A2DC05CE20007539A /* README.md */; };
		F2FCA65D2DC05CE20007539A /* TEST.md in Resources */ = {isa = PBXBuildFile; fileRef = F2FCA65B2DC05CE20007539A /* TEST.md */; };
/* End PBXBuildFile section */

/* Begin PBXFileReference section */
		F2400C102DE729D000264BAD /* CoreDataModel.xcdatamodel */ = {isa = PBXFileReference; lastKnownFileType = wrapper.xcdatamodel; path = CoreDataModel.xcdatamodel; sourceTree = "<group>"; };
		F2881EA02DF57C0800A8901A /* DEV.md */ = {isa = PBXFileReference; lastKnownFileType = net.daringfireball.markdown; path = DEV.md; sourceTree = "<group>"; };
		F292ABA82D6575070089583E /* Cactus.app */ = {isa = PBXFileReference; explicitFileType = wrapper.application; includeInIndex = 0; path = Cactus.app; sourceTree = BUILT_PRODUCTS_DIR; };
		F2BCD9AB2DE9726B00C0AC97 /* StoreKit.framework */ = {isa = PBXFileReference; lastKnownFileType = wrapper.framework; name = StoreKit.framework; path = System/Library/Frameworks/StoreKit.framework; sourceTree = SDKROOT; };
		F2FCA65A2DC05CE20007539A /* README.md */ = {isa = PBXFileReference; lastKnownFileType = net.daringfireball.markdown; path = README.md; sourceTree = "<group>"; };
		F2FCA65B2DC05CE20007539A /* TEST.md */ = {isa = PBXFileReference; lastKnownFileType = net.daringfireball.markdown; path = TEST.md; sourceTree = "<group>"; };
/* End PBXFileReference section */

/* Begin PBXFileSystemSynchronizedBuildFileExceptionSet section */
		F2729B252DBD126C006A86B8 /* Exceptions for "cactus" folder in "cactus" target */ = {
			isa = PBXFileSystemSynchronizedBuildFileExceptionSet;
			membershipExceptions = (
				Info.plist,
			);
			target = F292ABA72D6575070089583E /* cactus */;
		};
/* End PBXFileSystemSynchronizedBuildFileExceptionSet section */

/* Begin PBXFileSystemSynchronizedRootGroup section */
		F292ABAA2D6575070089583E /* cactus */ = {
			isa = PBXFileSystemSynchronizedRootGroup;
			exceptions = (
				F2729B252DBD126C006A86B8 /* Exceptions for "cactus" folder in "cactus" target */,
			);
			path = cactus;
			sourceTree = "<group>";
		};
/* End PBXFileSystemSynchronizedRootGroup section */

/* Begin PBXFrameworksBuildPhase section */
		F292ABA52D6575070089583E /* Frameworks */ = {
			isa = PBXFrameworksBuildPhase;
			buildActionMask = 2147483647;
			files = (
				F21844C52D75DD6D0060A838 /* Settings in Frameworks */,
				F2B99D9B2D760ED500BF5BA3 /* KeyboardShortcuts in Frameworks */,
				F2BCD9AC2DE9726B00C0AC97 /* StoreKit.framework in Frameworks */,
				F2B99DF02D76F31E00BF5BA3 /* LaunchAtLogin in Frameworks */,
				F21B8B952D74320E00A2B3DF /* AlertToast in Frameworks */,
			);
			runOnlyForDeploymentPostprocessing = 0;
		};
/* End PBXFrameworksBuildPhase section */

/* Begin PBXGroup section */
		F292AB9F2D6575070089583E = {
			isa = PBXGroup;
			children = (
				F2400C0F2DE729D000264BAD /* CoreDataModel.xcdatamodeld */,
				F292ABAA2D6575070089583E /* cactus */,
				F2FCA65A2DC05CE20007539A /* README.md */,
				F2881EA02DF57C0800A8901A /* DEV.md */,
				F2FCA65B2DC05CE20007539A /* TEST.md */,
				F2BCD9AA2DE9726B00C0AC97 /* Frameworks */,
				F292ABA92D6575070089583E /* Products */,
			);
			sourceTree = "<group>";
		};
		F292ABA92D6575070089583E /* Products */ = {
			isa = PBXGroup;
			children = (
				F292ABA82D6575070089583E /* Cactus.app */,
			);
			name = Products;
			sourceTree = "<group>";
		};
		F2BCD9AA2DE9726B00C0AC97 /* Frameworks */ = {
			isa = PBXGroup;
			children = (
				F2BCD9AB2DE9726B00C0AC97 /* StoreKit.framework */,
			);
			name = Frameworks;
			sourceTree = "<group>";
		};
/* End PBXGroup section */

/* Begin PBXNativeTarget section */
		F292ABA72D6575070089583E /* cactus */ = {
			isa = PBXNativeTarget;
			buildConfigurationList = F292ABB92D6575090089583E /* Build configuration list for PBXNativeTarget "cactus" */;
			buildPhases = (
				F292ABA42D6575070089583E /* Sources */,
				F292ABA52D6575070089583E /* Frameworks */,
				F292ABA62D6575070089583E /* Resources */,
			);
			buildRules = (
			);
			dependencies = (
			);
			fileSystemSynchronizedGroups = (
				F292ABAA2D6575070089583E /* cactus */,
			);
			name = cactus;
			packageProductDependencies = (
				F21B8B942D74320E00A2B3DF /* AlertToast */,
				F21844C42D75DD6D0060A838 /* Settings */,
				F2B99D9A2D760ED500BF5BA3 /* KeyboardShortcuts */,
				F2B99DEF2D76F31E00BF5BA3 /* LaunchAtLogin */,
			);
			productName = cactus;
			productReference = F292ABA82D6575070089583E /* Cactus.app */;
			productType = "com.apple.product-type.application";
		};
/* End PBXNativeTarget section */

/* Begin PBXProject section */
		F292ABA02D6575070089583E /* Project object */ = {
			isa = PBXProject;
			attributes = {
				BuildIndependentTargetsInParallel = 1;
				LastSwiftUpdateCheck = 1620;
				LastUpgradeCheck = 1630;
				TargetAttributes = {
					F292ABA72D6575070089583E = {
						CreatedOnToolsVersion = 16.2;
					};
				};
			};
			buildConfigurationList = F292ABA32D6575070089583E /* Build configuration list for PBXProject "cactus" */;
			developmentRegion = "zh-Hans";
			hasScannedForEncodings = 0;
			knownRegions = (
				"zh-Hans",
				en,
				"zh-Hant",
				ja,
				ko,
				Base,
			);
			mainGroup = F292AB9F2D6575070089583E;
			minimizedProjectReferenceProxies = 1;
			packageReferences = (
				F21B8B932D74320E00A2B3DF /* XCRemoteSwiftPackageReference "AlertToast" */,
				F21844C32D75DD6D0060A838 /* XCRemoteSwiftPackageReference "Settings" */,
				F2B99D992D760ED500BF5BA3 /* XCRemoteSwiftPackageReference "KeyboardShortcuts" */,
				F2B99DEE2D76F31E00BF5BA3 /* XCRemoteSwiftPackageReference "LaunchAtLogin-Modern" */,
			);
			preferredProjectObjectVersion = 77;
			productRefGroup = F292ABA92D6575070089583E /* Products */;
			projectDirPath = "";
			projectRoot = "";
			targets = (
				F292ABA72D6575070089583E /* cactus */,
			);
		};
/* End PBXProject section */

/* Begin PBXResourcesBuildPhase section */
		F292ABA62D6575070089583E /* Resources */ = {
			isa = PBXResourcesBuildPhase;
			buildActionMask = 2147483647;
			files = (
				F2881EA12DF57C0800A8901A /* DEV.md in Resources */,
				F2FCA65C2DC05CE20007539A /* README.md in Resources */,
				F2FCA65D2DC05CE20007539A /* TEST.md in Resources */,
			);
			runOnlyForDeploymentPostprocessing = 0;
		};
/* End PBXResourcesBuildPhase section */

/* Begin PBXSourcesBuildPhase section */
		F292ABA42D6575070089583E /* Sources */ = {
			isa = PBXSourcesBuildPhase;
			buildActionMask = 2147483647;
			files = (
				F2400C112DE729D000264BAD /* CoreDataModel.xcdatamodeld in Sources */,
			);
			runOnlyForDeploymentPostprocessing = 0;
		};
/* End PBXSourcesBuildPhase section */

/* Begin XCBuildConfiguration section */
		F292ABB72D6575090089583E /* Debug */ = {
			isa = XCBuildConfiguration;
			buildSettings = {
				ALWAYS_SEARCH_USER_PATHS = NO;
				ASSETCATALOG_COMPILER_GENERATE_SWIFT_ASSET_SYMBOL_EXTENSIONS = YES;
				CLANG_ANALYZER_LOCALIZABILITY_NONLOCALIZED = YES;
				CLANG_ANALYZER_NONNULL = YES;
				CLANG_ANALYZER_NUMBER_OBJECT_CONVERSION = YES_AGGRESSIVE;
				CLANG_CXX_LANGUAGE_STANDARD = "gnu++20";
				CLANG_ENABLE_MODULES = YES;
				CLANG_ENABLE_OBJC_ARC = YES;
				CLANG_ENABLE_OBJC_WEAK = YES;
				CLANG_WARN_BLOCK_CAPTURE_AUTORELEASING = YES;
				CLANG_WARN_BOOL_CONVERSION = YES;
				CLANG_WARN_COMMA = YES;
				CLANG_WARN_CONSTANT_CONVERSION = YES;
				CLANG_WARN_DEPRECATED_OBJC_IMPLEMENTATIONS = YES;
				CLANG_WARN_DIRECT_OBJC_ISA_USAGE = YES_ERROR;
				CLANG_WARN_DOCUMENTATION_COMMENTS = YES;
				CLANG_WARN_EMPTY_BODY = YES;
				CLANG_WARN_ENUM_CONVERSION = YES;
				CLANG_WARN_INFINITE_RECURSION = YES;
				CLANG_WARN_INT_CONVERSION = YES;
				CLANG_WARN_NON_LITERAL_NULL_CONVERSION = YES;
				CLANG_WARN_OBJC_IMPLICIT_RETAIN_SELF = YES;
				CLANG_WARN_OBJC_LITERAL_CONVERSION = YES;
				CLANG_WARN_OBJC_ROOT_CLASS = YES_ERROR;
				CLANG_WARN_QUOTED_INCLUDE_IN_FRAMEWORK_HEADER = YES;
				CLANG_WARN_RANGE_LOOP_ANALYSIS = YES;
				CLANG_WARN_STRICT_PROTOTYPES = YES;
				CLANG_WARN_SUSPICIOUS_MOVE = YES;
				CLANG_WARN_UNGUARDED_AVAILABILITY = YES_AGGRESSIVE;
				CLANG_WARN_UNREACHABLE_CODE = YES;
				CLANG_WARN__DUPLICATE_METHOD_MATCH = YES;
				COPY_PHASE_STRIP = NO;
				DEAD_CODE_STRIPPING = YES;
				DEBUG_INFORMATION_FORMAT = dwarf;
				DEVELOPMENT_TEAM = MYB38L5YW9;
				ENABLE_STRICT_OBJC_MSGSEND = YES;
				ENABLE_TESTABILITY = YES;
				ENABLE_USER_SCRIPT_SANDBOXING = YES;
				GCC_C_LANGUAGE_STANDARD = gnu17;
				GCC_DYNAMIC_NO_PIC = NO;
				GCC_NO_COMMON_BLOCKS = YES;
				GCC_OPTIMIZATION_LEVEL = 0;
				GCC_PREPROCESSOR_DEFINITIONS = (
					"DEBUG=1",
					"$(inherited)",
				);
				GCC_WARN_64_TO_32_BIT_CONVERSION = YES;
				GCC_WARN_ABOUT_RETURN_TYPE = YES_ERROR;
				GCC_WARN_UNDECLARED_SELECTOR = YES;
				GCC_WARN_UNINITIALIZED_AUTOS = YES_AGGRESSIVE;
				GCC_WARN_UNUSED_FUNCTION = YES;
				GCC_WARN_UNUSED_VARIABLE = YES;
				LOCALIZATION_PREFERS_STRING_CATALOGS = YES;
				MACOSX_DEPLOYMENT_TARGET = 15.2;
				MTL_ENABLE_DEBUG_INFO = INCLUDE_SOURCE;
				MTL_FAST_MATH = YES;
				ONLY_ACTIVE_ARCH = YES;
				SDKROOT = macosx;
				SWIFT_ACTIVE_COMPILATION_CONDITIONS = "DEBUG $(inherited)";
				SWIFT_OPTIMIZATION_LEVEL = "-Onone";
			};
			name = Debug;
		};
		F292ABB82D6575090089583E /* Release */ = {
			isa = XCBuildConfiguration;
			buildSettings = {
				ALWAYS_SEARCH_USER_PATHS = NO;
				ASSETCATALOG_COMPILER_GENERATE_SWIFT_ASSET_SYMBOL_EXTENSIONS = YES;
				CLANG_ANALYZER_LOCALIZABILITY_NONLOCALIZED = YES;
				CLANG_ANALYZER_NONNULL = YES;
				CLANG_ANALYZER_NUMBER_OBJECT_CONVERSION = YES_AGGRESSIVE;
				CLANG_CXX_LANGUAGE_STANDARD = "gnu++20";
				CLANG_ENABLE_MODULES = YES;
				CLANG_ENABLE_OBJC_ARC = YES;
				CLANG_ENABLE_OBJC_WEAK = YES;
				CLANG_WARN_BLOCK_CAPTURE_AUTORELEASING = YES;
				CLANG_WARN_BOOL_CONVERSION = YES;
				CLANG_WARN_COMMA = YES;
				CLANG_WARN_CONSTANT_CONVERSION = YES;
				CLANG_WARN_DEPRECATED_OBJC_IMPLEMENTATIONS = YES;
				CLANG_WARN_DIRECT_OBJC_ISA_USAGE = YES_ERROR;
				CLANG_WARN_DOCUMENTATION_COMMENTS = YES;
				CLANG_WARN_EMPTY_BODY = YES;
				CLANG_WARN_ENUM_CONVERSION = YES;
				CLANG_WARN_INFINITE_RECURSION = YES;
				CLANG_WARN_INT_CONVERSION = YES;
				CLANG_WARN_NON_LITERAL_NULL_CONVERSION = YES;
				CLANG_WARN_OBJC_IMPLICIT_RETAIN_SELF = YES;
				CLANG_WARN_OBJC_LITERAL_CONVERSION = YES;
				CLANG_WARN_OBJC_ROOT_CLASS = YES_ERROR;
				CLANG_WARN_QUOTED_INCLUDE_IN_FRAMEWORK_HEADER = YES;
				CLANG_WARN_RANGE_LOOP_ANALYSIS = YES;
				CLANG_WARN_STRICT_PROTOTYPES = YES;
				CLANG_WARN_SUSPICIOUS_MOVE = YES;
				CLANG_WARN_UNGUARDED_AVAILABILITY = YES_AGGRESSIVE;
				CLANG_WARN_UNREACHABLE_CODE = YES;
				CLANG_WARN__DUPLICATE_METHOD_MATCH = YES;
				COPY_PHASE_STRIP = NO;
				DEAD_CODE_STRIPPING = YES;
				DEBUG_INFORMATION_FORMAT = "dwarf-with-dsym";
				DEVELOPMENT_TEAM = MYB38L5YW9;
				ENABLE_NS_ASSERTIONS = NO;
				ENABLE_STRICT_OBJC_MSGSEND = YES;
				ENABLE_USER_SCRIPT_SANDBOXING = YES;
				GCC_C_LANGUAGE_STANDARD = gnu17;
				GCC_NO_COMMON_BLOCKS = YES;
				GCC_WARN_64_TO_32_BIT_CONVERSION = YES;
				GCC_WARN_ABOUT_RETURN_TYPE = YES_ERROR;
				GCC_WARN_UNDECLARED_SELECTOR = YES;
				GCC_WARN_UNINITIALIZED_AUTOS = YES_AGGRESSIVE;
				GCC_WARN_UNUSED_FUNCTION = YES;
				GCC_WARN_UNUSED_VARIABLE = YES;
				LOCALIZATION_PREFERS_STRING_CATALOGS = YES;
				MACOSX_DEPLOYMENT_TARGET = 15.2;
				MTL_ENABLE_DEBUG_INFO = NO;
				MTL_FAST_MATH = YES;
				SDKROOT = macosx;
				SWIFT_COMPILATION_MODE = wholemodule;
			};
			name = Release;
		};
		F292ABBA2D6575090089583E /* Debug */ = {
			isa = XCBuildConfiguration;
			buildSettings = {
				ASSETCATALOG_COMPILER_APPICON_NAME = AppIcon;
				ASSETCATALOG_COMPILER_GLOBAL_ACCENT_COLOR_NAME = AccentColor;
				ASSETCATALOG_COMPILER_INCLUDE_ALL_APPICON_ASSETS = YES;
				CODE_SIGN_ENTITLEMENTS = cactus/cactus.entitlements;
				"CODE_SIGN_IDENTITY[sdk=macosx*]" = "Apple Development";
				CODE_SIGN_STYLE = Automatic;
				COMBINE_HIDPI_IMAGES = YES;
				CURRENT_PROJECT_VERSION = 1017;
				DEAD_CODE_STRIPPING = YES;
				DEVELOPMENT_ASSET_PATHS = "\"cactus/Preview Content\"";
				DEVELOPMENT_TEAM = MYB38L5YW9;
				ENABLE_HARDENED_RUNTIME = YES;
				ENABLE_PREVIEWS = YES;
				GENERATE_INFOPLIST_FILE = YES;
				INFOPLIST_FILE = cactus/Info.plist;
				INFOPLIST_KEY_CFBundleDisplayName = "仙人掌AI助手";
				INFOPLIST_KEY_LSApplicationCategoryType = "public.app-category.utilities";
				INFOPLIST_KEY_LSUIElement = YES;
				INFOPLIST_KEY_NSHumanReadableCopyright = "";
				LD_RUNPATH_SEARCH_PATHS = (
					"$(inherited)",
					"@executable_path/../Frameworks",
				);
				MACOSX_DEPLOYMENT_TARGET = 13.5;
				MARKETING_VERSION = 1.1.5;
				PRODUCT_BUNDLE_IDENTIFIER = "dawei-snow.cactus";
				PRODUCT_NAME = Cactus;
				SWIFT_EMIT_LOC_STRINGS = YES;
				SWIFT_VERSION = 5.0;
			};
			name = Debug;
		};
		F292ABBB2D6575090089583E /* Release */ = {
			isa = XCBuildConfiguration;
			buildSettings = {
				ASSETCATALOG_COMPILER_APPICON_NAME = AppIcon;
				ASSETCATALOG_COMPILER_GLOBAL_ACCENT_COLOR_NAME = AccentColor;
				ASSETCATALOG_COMPILER_INCLUDE_ALL_APPICON_ASSETS = YES;
				CODE_SIGN_ENTITLEMENTS = cactus/cactus.entitlements;
				"CODE_SIGN_IDENTITY[sdk=macosx*]" = "Apple Development";
				CODE_SIGN_STYLE = Automatic;
				COMBINE_HIDPI_IMAGES = YES;
				CURRENT_PROJECT_VERSION = 1017;
				DEAD_CODE_STRIPPING = YES;
				DEVELOPMENT_ASSET_PATHS = "\"cactus/Preview Content\"";
				DEVELOPMENT_TEAM = MYB38L5YW9;
				ENABLE_HARDENED_RUNTIME = YES;
				ENABLE_PREVIEWS = YES;
				GENERATE_INFOPLIST_FILE = YES;
				INFOPLIST_FILE = cactus/Info.plist;
				INFOPLIST_KEY_CFBundleDisplayName = "仙人掌AI助手";
				INFOPLIST_KEY_LSApplicationCategoryType = "public.app-category.utilities";
				INFOPLIST_KEY_LSUIElement = YES;
				INFOPLIST_KEY_NSHumanReadableCopyright = "";
				LD_RUNPATH_SEARCH_PATHS = (
					"$(inherited)",
					"@executable_path/../Frameworks",
				);
				MACOSX_DEPLOYMENT_TARGET = 13.5;
				MARKETING_VERSION = 1.1.5;
				PRODUCT_BUNDLE_IDENTIFIER = "dawei-snow.cactus";
				PRODUCT_NAME = Cactus;
				SWIFT_EMIT_LOC_STRINGS = YES;
				SWIFT_VERSION = 5.0;
			};
			name = Release;
		};
/* End XCBuildConfiguration section */

/* Begin XCConfigurationList section */
		F292ABA32D6575070089583E /* Build configuration list for PBXProject "cactus" */ = {
			isa = XCConfigurationList;
			buildConfigurations = (
				F292ABB72D6575090089583E /* Debug */,
				F292ABB82D6575090089583E /* Release */,
			);
			defaultConfigurationIsVisible = 0;
			defaultConfigurationName = Release;
		};
		F292ABB92D6575090089583E /* Build configuration list for PBXNativeTarget "cactus" */ = {
			isa = XCConfigurationList;
			buildConfigurations = (
				F292ABBA2D6575090089583E /* Debug */,
				F292ABBB2D6575090089583E /* Release */,
			);
			defaultConfigurationIsVisible = 0;
			defaultConfigurationName = Release;
		};
/* End XCConfigurationList section */

/* Begin XCRemoteSwiftPackageReference section */
		F21844C32D75DD6D0060A838 /* XCRemoteSwiftPackageReference "Settings" */ = {
			isa = XCRemoteSwiftPackageReference;
			repositoryURL = "https://github.com/sindresorhus/Settings.git";
			requirement = {
				kind = upToNextMajorVersion;
				minimumVersion = 3.1.1;
			};
		};
		F21B8B932D74320E00A2B3DF /* XCRemoteSwiftPackageReference "AlertToast" */ = {
			isa = XCRemoteSwiftPackageReference;
			repositoryURL = "https://github.com/elai950/AlertToast";
			requirement = {
				kind = upToNextMajorVersion;
				minimumVersion = 1.3.9;
			};
		};
		F2B99D992D760ED500BF5BA3 /* XCRemoteSwiftPackageReference "KeyboardShortcuts" */ = {
			isa = XCRemoteSwiftPackageReference;
			repositoryURL = "https://github.com/sindresorhus/KeyboardShortcuts";
			requirement = {
				kind = upToNextMajorVersion;
				minimumVersion = 2.2.4;
			};
		};
		F2B99DEE2D76F31E00BF5BA3 /* XCRemoteSwiftPackageReference "LaunchAtLogin-Modern" */ = {
			isa = XCRemoteSwiftPackageReference;
			repositoryURL = "https://github.com/sindresorhus/LaunchAtLogin-Modern";
			requirement = {
				branch = main;
				kind = branch;
			};
		};
/* End XCRemoteSwiftPackageReference section */

/* Begin XCSwiftPackageProductDependency section */
		F21844C42D75DD6D0060A838 /* Settings */ = {
			isa = XCSwiftPackageProductDependency;
			package = F21844C32D75DD6D0060A838 /* XCRemoteSwiftPackageReference "Settings" */;
			productName = Settings;
		};
		F21B8B942D74320E00A2B3DF /* AlertToast */ = {
			isa = XCSwiftPackageProductDependency;
			package = F21B8B932D74320E00A2B3DF /* XCRemoteSwiftPackageReference "AlertToast" */;
			productName = AlertToast;
		};
		F2B99D9A2D760ED500BF5BA3 /* KeyboardShortcuts */ = {
			isa = XCSwiftPackageProductDependency;
			package = F2B99D992D760ED500BF5BA3 /* XCRemoteSwiftPackageReference "KeyboardShortcuts" */;
			productName = KeyboardShortcuts;
		};
		F2B99DEF2D76F31E00BF5BA3 /* LaunchAtLogin */ = {
			isa = XCSwiftPackageProductDependency;
			package = F2B99DEE2D76F31E00BF5BA3 /* XCRemoteSwiftPackageReference "LaunchAtLogin-Modern" */;
			productName = LaunchAtLogin;
		};
/* End XCSwiftPackageProductDependency section */

/* Begin XCVersionGroup section */
		F2400C0F2DE729D000264BAD /* CoreDataModel.xcdatamodeld */ = {
			isa = XCVersionGroup;
			children = (
				F2400C102DE729D000264BAD /* CoreDataModel.xcdatamodel */,
			);
			currentVersion = F2400C102DE729D000264BAD /* CoreDataModel.xcdatamodel */;
			path = CoreDataModel.xcdatamodeld;
			sourceTree = "<group>";
			versionGroupType = wrapper.xcdatamodel;
		};
/* End XCVersionGroup section */
	};
	rootObject = F292ABA02D6575070089583E /* Project object */;
}
